<?xml version="1.0" encoding="utf-8"?>
<Project ToolsVersion="4.0" xmlns="http://schemas.microsoft.com/developer/msbuild/2003">
  <ItemGroup>
    <Filter Include="FireEngine">
      <UniqueIdentifier>{216F9B54-0D27-DDA1-762E-B6FD62057892}</UniqueIdentifier>
    </Filter>
  </ItemGroup>
  <ItemGroup>
    <ClInclude Include="src\FireEngine.h" />
    <ClInclude Include="src\FireEngine\Application.h">
      <Filter>FireEngine</Filter>
    </ClInclude>
    <ClInclude Include="src\FireEngine\Core.h">
      <Filter>FireEngine</Filter>
    </ClInclude>
    <ClInclude Include="src\FireEngine\EntryPoint.h">
      <Filter>FireEngine</Filter>
    </ClInclude>
    <ClInclude Include="src\FireEngine\Log.h">
      <Filter>FireEngine</Filter>
    </ClInclude>
  </ItemGroup>
  <ItemGroup>
    <ClCompile Include="src\FireEngine\Application.cpp">
      <Filter>FireEngine</Filter>
    </ClCompile>
    <ClCompile Include="src\FireEngine\Log.cpp">
      <Filter>FireEngine</Filter>
    </ClCompile>
  </ItemGroup>
</Project>